// !$*UTF8*$!
{
	archiveVersion = 1;
	classes = {
	};
	objectVersion = 46;
	objects = {

/* Begin PBXBuildFile section */
		EF51F9501F9F271000D9C32F /* BumpDetectionAlgorithm.swift in Sources */ = {isa = PBXBuildFile; fileRef = EF51F94F1F9F271000D9C32F /* BumpDetectionAlgorithm.swift */; };
		EF5ED5D520056AFB0006845B /* PendingOperation.swift in Sources */ = {isa = PBXBuildFile; fileRef = EF5ED5D420056AFB0006845B /* PendingOperation.swift */; };
		EF7AA0A31FD9FBBD00D93434 /* bumps-detector.xcdatamodeld in Sources */ = {isa = PBXBuildFile; fileRef = EF7AA0A11FD9FBBC00D93434 /* bumps-detector.xcdatamodeld */; };
		EFA59F341FA2193C004A9939 /* FileUtils.swift in Sources */ = {isa = PBXBuildFile; fileRef = EFA59F331FA2193C004A9939 /* FileUtils.swift */; };
		EFA803901FEE82FB00CDF178 /* BumpNotifyAlgorithm.swift in Sources */ = {isa = PBXBuildFile; fileRef = EFA8038F1FEE82FB00CDF178 /* BumpNotifyAlgorithm.swift */; };
		EFCB24731F49AC6A00AAEA14 /* AppDelegate.swift in Sources */ = {isa = PBXBuildFile; fileRef = EFCB24721F49AC6A00AAEA14 /* AppDelegate.swift */; };
		EFCB24751F49AC6A00AAEA14 /* MapViewController.swift in Sources */ = {isa = PBXBuildFile; fileRef = EFCB24741F49AC6A00AAEA14 /* MapViewController.swift */; };
		EFCB24781F49AC6A00AAEA14 /* Main.storyboard in Resources */ = {isa = PBXBuildFile; fileRef = EFCB24761F49AC6A00AAEA14 /* Main.storyboard */; };
		EFCB247A1F49AC6A00AAEA14 /* Assets.xcassets in Resources */ = {isa = PBXBuildFile; fileRef = EFCB24791F49AC6A00AAEA14 /* Assets.xcassets */; };
		EFCB247D1F49AC6A00AAEA14 /* LaunchScreen.storyboard in Resources */ = {isa = PBXBuildFile; fileRef = EFCB247B1F49AC6A00AAEA14 /* LaunchScreen.storyboard */; };
		EFCB24891F49E8D400AAEA14 /* Bump.swift in Sources */ = {isa = PBXBuildFile; fileRef = EFCB24881F49E8D400AAEA14 /* Bump.swift */; };
		EFCB248B1F49EF2F00AAEA14 /* DataManager.swift in Sources */ = {isa = PBXBuildFile; fileRef = EFCB248A1F49EF2F00AAEA14 /* DataManager.swift */; };
		EFD53E551F7B8BA700B5C4A1 /* ExportDataViewController.swift in Sources */ = {isa = PBXBuildFile; fileRef = EFD53E541F7B8BA700B5C4A1 /* ExportDataViewController.swift */; };
		EFD53E571F7D2B5800B5C4A1 /* LocationManager.swift in Sources */ = {isa = PBXBuildFile; fileRef = EFD53E561F7D2B5800B5C4A1 /* LocationManager.swift */; };
		EFD919DA201CC5520092445A /* BumpFromServer.swift in Sources */ = {isa = PBXBuildFile; fileRef = EFD919D9201CC5520092445A /* BumpFromServer.swift */; };
		EFD919DC201CC5960092445A /* RealmService.swift in Sources */ = {isa = PBXBuildFile; fileRef = EFD919DB201CC5960092445A /* RealmService.swift */; };
		EFD919DE201D46C50092445A /* BumpForServer.swift in Sources */ = {isa = PBXBuildFile; fileRef = EFD919DD201D46C50092445A /* BumpForServer.swift */; };
		EFD919E3201E28D30092445A /* CustomAccelerometerData.swift in Sources */ = {isa = PBXBuildFile; fileRef = EFD919E2201E28D30092445A /* CustomAccelerometerData.swift */; };
		EFE06C421F4A67CD00740875 /* Connection.swift in Sources */ = {isa = PBXBuildFile; fileRef = EFE06C411F4A67CD00740875 /* Connection.swift */; };
		EFE34CD51FB76BBC004F10B0 /* SyncBump.swift in Sources */ = {isa = PBXBuildFile; fileRef = EFE34CD41FB76BBC004F10B0 /* SyncBump.swift */; };
		EFF44FEC1FBE7466008712E9 /* Provider.swift in Sources */ = {isa = PBXBuildFile; fileRef = EFF44FEB1FBE7466008712E9 /* Provider.swift */; };
		EFFD58C51FFEB1F500FA1BA9 /* DataWindow.swift in Sources */ = {isa = PBXBuildFile; fileRef = EFFD58C41FFEB1F500FA1BA9 /* DataWindow.swift */; };
		EFFD58C92000240C00FA1BA9 /* WindowAccelData.swift in Sources */ = {isa = PBXBuildFile; fileRef = EFFD58C82000240C00FA1BA9 /* WindowAccelData.swift */; };
		F677E59CBBFA24B7242188B8 /* Pods_bumps_detector.framework in Frameworks */ = {isa = PBXBuildFile; fileRef = 02F8DF683F842E1012DA028B /* Pods_bumps_detector.framework */; };
/* End PBXBuildFile section */

/* Begin PBXFileReference section */
		02F8DF683F842E1012DA028B /* Pods_bumps_detector.framework */ = {isa = PBXFileReference; explicitFileType = wrapper.framework; includeInIndex = 0; path = Pods_bumps_detector.framework; sourceTree = BUILT_PRODUCTS_DIR; };
		C9737376ACF5EA2BB271ABCD /* Pods-bumps-detector.debug.xcconfig */ = {isa = PBXFileReference; includeInIndex = 1; lastKnownFileType = text.xcconfig; name = "Pods-bumps-detector.debug.xcconfig"; path = "Pods/Target Support Files/Pods-bumps-detector/Pods-bumps-detector.debug.xcconfig"; sourceTree = "<group>"; };
		D3D1DC416878B27BB765C924 /* Pods-bumps-detector.release.xcconfig */ = {isa = PBXFileReference; includeInIndex = 1; lastKnownFileType = text.xcconfig; name = "Pods-bumps-detector.release.xcconfig"; path = "Pods/Target Support Files/Pods-bumps-detector/Pods-bumps-detector.release.xcconfig"; sourceTree = "<group>"; };
		EF51F94F1F9F271000D9C32F /* BumpDetectionAlgorithm.swift */ = {isa = PBXFileReference; lastKnownFileType = sourcecode.swift; path = BumpDetectionAlgorithm.swift; sourceTree = "<group>"; };
		EF5ED5D420056AFB0006845B /* PendingOperation.swift */ = {isa = PBXFileReference; lastKnownFileType = sourcecode.swift; path = PendingOperation.swift; sourceTree = "<group>"; };
		EF7AA0A21FD9FBBC00D93434 /* bumps-detector.xcdatamodel */ = {isa = PBXFileReference; lastKnownFileType = wrapper.xcdatamodel; path = "bumps-detector.xcdatamodel"; sourceTree = "<group>"; };
		EFA59F331FA2193C004A9939 /* FileUtils.swift */ = {isa = PBXFileReference; lastKnownFileType = sourcecode.swift; path = FileUtils.swift; sourceTree = "<group>"; };
		EFA8038F1FEE82FB00CDF178 /* BumpNotifyAlgorithm.swift */ = {isa = PBXFileReference; lastKnownFileType = sourcecode.swift; path = BumpNotifyAlgorithm.swift; sourceTree = "<group>"; };
		EFCB246F1F49AC6A00AAEA14 /* bumps-detector.app */ = {isa = PBXFileReference; explicitFileType = wrapper.application; includeInIndex = 0; path = "bumps-detector.app"; sourceTree = BUILT_PRODUCTS_DIR; };
		EFCB24721F49AC6A00AAEA14 /* AppDelegate.swift */ = {isa = PBXFileReference; lastKnownFileType = sourcecode.swift; path = AppDelegate.swift; sourceTree = "<group>"; };
		EFCB24741F49AC6A00AAEA14 /* MapViewController.swift */ = {isa = PBXFileReference; lastKnownFileType = sourcecode.swift; path = MapViewController.swift; sourceTree = "<group>"; };
		EFCB24771F49AC6A00AAEA14 /* Base */ = {isa = PBXFileReference; lastKnownFileType = file.storyboard; name = Base; path = Base.lproj/Main.storyboard; sourceTree = "<group>"; };
		EFCB24791F49AC6A00AAEA14 /* Assets.xcassets */ = {isa = PBXFileReference; lastKnownFileType = folder.assetcatalog; path = Assets.xcassets; sourceTree = "<group>"; };
		EFCB247C1F49AC6A00AAEA14 /* Base */ = {isa = PBXFileReference; lastKnownFileType = file.storyboard; name = Base; path = Base.lproj/LaunchScreen.storyboard; sourceTree = "<group>"; };
		EFCB247E1F49AC6A00AAEA14 /* Info.plist */ = {isa = PBXFileReference; lastKnownFileType = text.plist.xml; path = Info.plist; sourceTree = "<group>"; };
		EFCB24881F49E8D400AAEA14 /* Bump.swift */ = {isa = PBXFileReference; fileEncoding = 4; lastKnownFileType = sourcecode.swift; path = Bump.swift; sourceTree = "<group>"; };
		EFCB248A1F49EF2F00AAEA14 /* DataManager.swift */ = {isa = PBXFileReference; fileEncoding = 4; lastKnownFileType = sourcecode.swift; path = DataManager.swift; sourceTree = "<group>"; };
		EFD53E541F7B8BA700B5C4A1 /* ExportDataViewController.swift */ = {isa = PBXFileReference; fileEncoding = 4; lastKnownFileType = sourcecode.swift; path = ExportDataViewController.swift; sourceTree = "<group>"; };
		EFD53E561F7D2B5800B5C4A1 /* LocationManager.swift */ = {isa = PBXFileReference; fileEncoding = 4; lastKnownFileType = sourcecode.swift; path = LocationManager.swift; sourceTree = "<group>"; };
		EFD919D9201CC5520092445A /* BumpFromServer.swift */ = {isa = PBXFileReference; lastKnownFileType = sourcecode.swift; path = BumpFromServer.swift; sourceTree = "<group>"; };
		EFD919DB201CC5960092445A /* RealmService.swift */ = {isa = PBXFileReference; lastKnownFileType = sourcecode.swift; path = RealmService.swift; sourceTree = "<group>"; };
		EFD919DD201D46C50092445A /* BumpForServer.swift */ = {isa = PBXFileReference; lastKnownFileType = sourcecode.swift; path = BumpForServer.swift; sourceTree = "<group>"; };
		EFD919E2201E28D30092445A /* CustomAccelerometerData.swift */ = {isa = PBXFileReference; lastKnownFileType = sourcecode.swift; path = CustomAccelerometerData.swift; sourceTree = "<group>"; };
		EFE06C411F4A67CD00740875 /* Connection.swift */ = {isa = PBXFileReference; fileEncoding = 4; lastKnownFileType = sourcecode.swift; path = Connection.swift; sourceTree = "<group>"; };
		EFE34CD41FB76BBC004F10B0 /* SyncBump.swift */ = {isa = PBXFileReference; lastKnownFileType = sourcecode.swift; path = SyncBump.swift; sourceTree = "<group>"; };
		EFF44FEB1FBE7466008712E9 /* Provider.swift */ = {isa = PBXFileReference; lastKnownFileType = sourcecode.swift; path = Provider.swift; sourceTree = "<group>"; };
		EFFD58C41FFEB1F500FA1BA9 /* DataWindow.swift */ = {isa = PBXFileReference; lastKnownFileType = sourcecode.swift; path = DataWindow.swift; sourceTree = "<group>"; };
		EFFD58C82000240C00FA1BA9 /* WindowAccelData.swift */ = {isa = PBXFileReference; lastKnownFileType = sourcecode.swift; path = WindowAccelData.swift; sourceTree = "<group>"; };
/* End PBXFileReference section */

/* Begin PBXFrameworksBuildPhase section */
		EFCB246C1F49AC6A00AAEA14 /* Frameworks */ = {
			isa = PBXFrameworksBuildPhase;
			buildActionMask = 2147483647;
			files = (
				F677E59CBBFA24B7242188B8 /* Pods_bumps_detector.framework in Frameworks */,
			);
			runOnlyForDeploymentPostprocessing = 0;
		};
/* End PBXFrameworksBuildPhase section */

/* Begin PBXGroup section */
		0DAA4C1C1AFD860E3BA1EC87 /* Pods */ = {
			isa = PBXGroup;
			children = (
				C9737376ACF5EA2BB271ABCD /* Pods-bumps-detector.debug.xcconfig */,
				D3D1DC416878B27BB765C924 /* Pods-bumps-detector.release.xcconfig */,
			);
			name = Pods;
			sourceTree = "<group>";
		};
		986193510746942B83F8D696 /* Frameworks */ = {
			isa = PBXGroup;
			children = (
				02F8DF683F842E1012DA028B /* Pods_bumps_detector.framework */,
			);
			name = Frameworks;
			sourceTree = "<group>";
		};
		EFCB24661F49AC6A00AAEA14 = {
			isa = PBXGroup;
			children = (
				EFCB24711F49AC6A00AAEA14 /* bumps-detector */,
				EFCB24701F49AC6A00AAEA14 /* Products */,
				0DAA4C1C1AFD860E3BA1EC87 /* Pods */,
				986193510746942B83F8D696 /* Frameworks */,
			);
			sourceTree = "<group>";
		};
		EFCB24701F49AC6A00AAEA14 /* Products */ = {
			isa = PBXGroup;
			children = (
				EFCB246F1F49AC6A00AAEA14 /* bumps-detector.app */,
			);
			name = Products;
			sourceTree = "<group>";
		};
		EFCB24711F49AC6A00AAEA14 /* bumps-detector */ = {
			isa = PBXGroup;
			children = (
				EF7AA0A11FD9FBBC00D93434 /* bumps-detector.xcdatamodeld */,
				EFCB24721F49AC6A00AAEA14 /* AppDelegate.swift */,
				EFCB24741F49AC6A00AAEA14 /* MapViewController.swift */,
				EFD53E541F7B8BA700B5C4A1 /* ExportDataViewController.swift */,
				EFCB24761F49AC6A00AAEA14 /* Main.storyboard */,
				EFCB24791F49AC6A00AAEA14 /* Assets.xcassets */,
				EFCB247B1F49AC6A00AAEA14 /* LaunchScreen.storyboard */,
				EFCB247E1F49AC6A00AAEA14 /* Info.plist */,
				EFD919E0201D4B690092445A /* AppDatabase */,
				EFD919E1201D4BCD0092445A /* BumpAlgorithms */,
				EFCB24881F49E8D400AAEA14 /* Bump.swift */,
				EFCB248A1F49EF2F00AAEA14 /* DataManager.swift */,
				EFE06C411F4A67CD00740875 /* Connection.swift */,
				EFD53E561F7D2B5800B5C4A1 /* LocationManager.swift */,
				EFA59F331FA2193C004A9939 /* FileUtils.swift */,
				EFE34CD41FB76BBC004F10B0 /* SyncBump.swift */,
				EFF44FEB1FBE7466008712E9 /* Provider.swift */,
				EFFD58C41FFEB1F500FA1BA9 /* DataWindow.swift */,
				EF5ED5D420056AFB0006845B /* PendingOperation.swift */,
			);
			path = "bumps-detector";
			sourceTree = "<group>";
		};
		EFD919E0201D4B690092445A /* AppDatabase */ = {
			isa = PBXGroup;
			children = (
				EFD919D9201CC5520092445A /* BumpFromServer.swift */,
				EFD919DD201D46C50092445A /* BumpForServer.swift */,
				EFD919DB201CC5960092445A /* RealmService.swift */,
			);
			path = AppDatabase;
			sourceTree = "<group>";
		};
		EFD919E1201D4BCD0092445A /* BumpAlgorithms */ = {
			isa = PBXGroup;
			children = (
				EF51F94F1F9F271000D9C32F /* BumpDetectionAlgorithm.swift */,
				EFA8038F1FEE82FB00CDF178 /* BumpNotifyAlgorithm.swift */,
				EFFD58C82000240C00FA1BA9 /* WindowAccelData.swift */,
				EFD919E2201E28D30092445A /* CustomAccelerometerData.swift */,
			);
			path = BumpAlgorithms;
			sourceTree = "<group>";
		};
/* End PBXGroup section */

/* Begin PBXNativeTarget section */
		EFCB246E1F49AC6A00AAEA14 /* bumps-detector */ = {
			isa = PBXNativeTarget;
			buildConfigurationList = EFCB24811F49AC6A00AAEA14 /* Build configuration list for PBXNativeTarget "bumps-detector" */;
			buildPhases = (
				741750AB2D4389CB16A007CF /* [CP] Check Pods Manifest.lock */,
				EFCB246B1F49AC6A00AAEA14 /* Sources */,
				EFCB246C1F49AC6A00AAEA14 /* Frameworks */,
				EFCB246D1F49AC6A00AAEA14 /* Resources */,
				EE26819537B51096DF53DFFE /* [CP] Embed Pods Frameworks */,
				5D8E954ED6CF4C58633423F4 /* [CP] Copy Pods Resources */,
			);
			buildRules = (
			);
			dependencies = (
			);
			name = "bumps-detector";
			productName = "bumps-detector";
			productReference = EFCB246F1F49AC6A00AAEA14 /* bumps-detector.app */;
			productType = "com.apple.product-type.application";
		};
/* End PBXNativeTarget section */

/* Begin PBXProject section */
		EFCB24671F49AC6A00AAEA14 /* Project object */ = {
			isa = PBXProject;
			attributes = {
				LastSwiftUpdateCheck = 0830;
				LastUpgradeCheck = 0830;
				ORGANIZATIONNAME = "Peter Jurkacek";
				TargetAttributes = {
					EFCB246E1F49AC6A00AAEA14 = {
						CreatedOnToolsVersion = 8.3.3;
						DevelopmentTeam = D6923NELKJ;
						ProvisioningStyle = Automatic;
						SystemCapabilities = {
							com.apple.BackgroundModes = {
								enabled = 1;
							};
						};
					};
				};
			};
			buildConfigurationList = EFCB246A1F49AC6A00AAEA14 /* Build configuration list for PBXProject "bumps-detector" */;
			compatibilityVersion = "Xcode 3.2";
			developmentRegion = English;
			hasScannedForEncodings = 0;
			knownRegions = (
				en,
				Base,
			);
			mainGroup = EFCB24661F49AC6A00AAEA14;
			productRefGroup = EFCB24701F49AC6A00AAEA14 /* Products */;
			projectDirPath = "";
			projectRoot = "";
			targets = (
				EFCB246E1F49AC6A00AAEA14 /* bumps-detector */,
			);
		};
/* End PBXProject section */

/* Begin PBXResourcesBuildPhase section */
		EFCB246D1F49AC6A00AAEA14 /* Resources */ = {
			isa = PBXResourcesBuildPhase;
			buildActionMask = 2147483647;
			files = (
				EFCB247D1F49AC6A00AAEA14 /* LaunchScreen.storyboard in Resources */,
				EFCB247A1F49AC6A00AAEA14 /* Assets.xcassets in Resources */,
				EFCB24781F49AC6A00AAEA14 /* Main.storyboard in Resources */,
			);
			runOnlyForDeploymentPostprocessing = 0;
		};
/* End PBXResourcesBuildPhase section */

/* Begin PBXShellScriptBuildPhase section */
		5D8E954ED6CF4C58633423F4 /* [CP] Copy Pods Resources */ = {
			isa = PBXShellScriptBuildPhase;
			buildActionMask = 2147483647;
			files = (
			);
			inputPaths = (
			);
			name = "[CP] Copy Pods Resources";
			outputPaths = (
			);
			runOnlyForDeploymentPostprocessing = 0;
			shellPath = /bin/sh;
			shellScript = "\"${SRCROOT}/Pods/Target Support Files/Pods-bumps-detector/Pods-bumps-detector-resources.sh\"\n";
			showEnvVarsInLog = 0;
		};
		741750AB2D4389CB16A007CF /* [CP] Check Pods Manifest.lock */ = {
			isa = PBXShellScriptBuildPhase;
			buildActionMask = 2147483647;
			files = (
			);
			inputPaths = (
				"${PODS_PODFILE_DIR_PATH}/Podfile.lock",
				"${PODS_ROOT}/Manifest.lock",
			);
			name = "[CP] Check Pods Manifest.lock";
			outputPaths = (
				"$(DERIVED_FILE_DIR)/Pods-bumps-detector-checkManifestLockResult.txt",
			);
			runOnlyForDeploymentPostprocessing = 0;
			shellPath = /bin/sh;
			shellScript = "diff \"${PODS_PODFILE_DIR_PATH}/Podfile.lock\" \"${PODS_ROOT}/Manifest.lock\" > /dev/null\nif [ $? != 0 ] ; then\n    # print error to STDERR\n    echo \"error: The sandbox is not in sync with the Podfile.lock. Run 'pod install' or update your CocoaPods installation.\" >&2\n    exit 1\nfi\n# This output is used by Xcode 'outputs' to avoid re-running this script phase.\necho \"SUCCESS\" > \"${SCRIPT_OUTPUT_FILE_0}\"\n";
			showEnvVarsInLog = 0;
		};
		EE26819537B51096DF53DFFE /* [CP] Embed Pods Frameworks */ = {
			isa = PBXShellScriptBuildPhase;
			buildActionMask = 2147483647;
			files = (
			);
			inputPaths = (
				"${SRCROOT}/Pods/Target Support Files/Pods-bumps-detector/Pods-bumps-detector-frameworks.sh",
				"${BUILT_PRODUCTS_DIR}/AWSCore/AWSCore.framework",
				"${BUILT_PRODUCTS_DIR}/AWSPolly/AWSPolly.framework",
				"${PODS_ROOT}/Mapbox-iOS-SDK/dynamic/Mapbox.framework",
				"${PODS_ROOT}/Mapbox-iOS-SDK/dynamic/Mapbox.framework.dSYM",
				"${BUILT_PRODUCTS_DIR}/MapboxCoreNavigation/MapboxCoreNavigation.framework",
				"${BUILT_PRODUCTS_DIR}/MapboxDirections.swift/MapboxDirections.framework",
				"${BUILT_PRODUCTS_DIR}/MapboxGeocoder.swift/MapboxGeocoder.framework",
				"${BUILT_PRODUCTS_DIR}/MapboxMobileEvents/MapboxMobileEvents.framework",
				"${BUILT_PRODUCTS_DIR}/MapboxNavigation/MapboxNavigation.framework",
				"${BUILT_PRODUCTS_DIR}/OSRMTextInstructions/OSRMTextInstructions.framework",
				"${BUILT_PRODUCTS_DIR}/Polyline/Polyline.framework",
				"${BUILT_PRODUCTS_DIR}/Pulley/Pulley.framework",
				"${BUILT_PRODUCTS_DIR}/Realm/Realm.framework",
				"${BUILT_PRODUCTS_DIR}/RealmSwift/RealmSwift.framework",
				"${BUILT_PRODUCTS_DIR}/SDWebImage/SDWebImage.framework",
				"${BUILT_PRODUCTS_DIR}/Solar/Solar.framework",
				"${BUILT_PRODUCTS_DIR}/Turf/Turf.framework",
			);
			name = "[CP] Embed Pods Frameworks";
			outputPaths = (
				"${TARGET_BUILD_DIR}/${FRAMEWORKS_FOLDER_PATH}/AWSCore.framework",
				"${TARGET_BUILD_DIR}/${FRAMEWORKS_FOLDER_PATH}/AWSPolly.framework",
				"${TARGET_BUILD_DIR}/${FRAMEWORKS_FOLDER_PATH}/Mapbox.framework",
				"${DWARF_DSYM_FOLDER_PATH}/Mapbox.framework.dSYM",
				"${TARGET_BUILD_DIR}/${FRAMEWORKS_FOLDER_PATH}/MapboxCoreNavigation.framework",
				"${TARGET_BUILD_DIR}/${FRAMEWORKS_FOLDER_PATH}/MapboxDirections.framework",
				"${TARGET_BUILD_DIR}/${FRAMEWORKS_FOLDER_PATH}/MapboxGeocoder.framework",
				"${TARGET_BUILD_DIR}/${FRAMEWORKS_FOLDER_PATH}/MapboxMobileEvents.framework",
				"${TARGET_BUILD_DIR}/${FRAMEWORKS_FOLDER_PATH}/MapboxNavigation.framework",
				"${TARGET_BUILD_DIR}/${FRAMEWORKS_FOLDER_PATH}/OSRMTextInstructions.framework",
				"${TARGET_BUILD_DIR}/${FRAMEWORKS_FOLDER_PATH}/Polyline.framework",
				"${TARGET_BUILD_DIR}/${FRAMEWORKS_FOLDER_PATH}/Pulley.framework",
				"${TARGET_BUILD_DIR}/${FRAMEWORKS_FOLDER_PATH}/Realm.framework",
				"${TARGET_BUILD_DIR}/${FRAMEWORKS_FOLDER_PATH}/RealmSwift.framework",
				"${TARGET_BUILD_DIR}/${FRAMEWORKS_FOLDER_PATH}/SDWebImage.framework",
				"${TARGET_BUILD_DIR}/${FRAMEWORKS_FOLDER_PATH}/Solar.framework",
				"${TARGET_BUILD_DIR}/${FRAMEWORKS_FOLDER_PATH}/Turf.framework",
			);
			runOnlyForDeploymentPostprocessing = 0;
			shellPath = /bin/sh;
			shellScript = "\"${SRCROOT}/Pods/Target Support Files/Pods-bumps-detector/Pods-bumps-detector-frameworks.sh\"\n";
			showEnvVarsInLog = 0;
		};
/* End PBXShellScriptBuildPhase section */

/* Begin PBXSourcesBuildPhase section */
		EFCB246B1F49AC6A00AAEA14 /* Sources */ = {
			isa = PBXSourcesBuildPhase;
			buildActionMask = 2147483647;
			files = (
				EFA59F341FA2193C004A9939 /* FileUtils.swift in Sources */,
				EFD919DE201D46C50092445A /* BumpForServer.swift in Sources */,
				EFCB24891F49E8D400AAEA14 /* Bump.swift in Sources */,
				EFD919DA201CC5520092445A /* BumpFromServer.swift in Sources */,
				EFFD58C92000240C00FA1BA9 /* WindowAccelData.swift in Sources */,
				EFFD58C51FFEB1F500FA1BA9 /* DataWindow.swift in Sources */,
				EFE34CD51FB76BBC004F10B0 /* SyncBump.swift in Sources */,
				EF7AA0A31FD9FBBD00D93434 /* bumps-detector.xcdatamodeld in Sources */,
				EFD919E3201E28D30092445A /* CustomAccelerometerData.swift in Sources */,
				EF51F9501F9F271000D9C32F /* BumpDetectionAlgorithm.swift in Sources */,
				EFA803901FEE82FB00CDF178 /* BumpNotifyAlgorithm.swift in Sources */,
				EFD53E551F7B8BA700B5C4A1 /* ExportDataViewController.swift in Sources */,
				EFCB248B1F49EF2F00AAEA14 /* DataManager.swift in Sources */,
				EFD53E571F7D2B5800B5C4A1 /* LocationManager.swift in Sources */,
				EFF44FEC1FBE7466008712E9 /* Provider.swift in Sources */,
				EFCB24751F49AC6A00AAEA14 /* MapViewController.swift in Sources */,
				EFE06C421F4A67CD00740875 /* Connection.swift in Sources */,
				EF5ED5D520056AFB0006845B /* PendingOperation.swift in Sources */,
				EFCB24731F49AC6A00AAEA14 /* AppDelegate.swift in Sources */,
				EFD919DC201CC5960092445A /* RealmService.swift in Sources */,
			);
			runOnlyForDeploymentPostprocessing = 0;
		};
/* End PBXSourcesBuildPhase section */

/* Begin PBXVariantGroup section */
		EFCB24761F49AC6A00AAEA14 /* Main.storyboard */ = {
			isa = PBXVariantGroup;
			children = (
				EFCB24771F49AC6A00AAEA14 /* Base */,
			);
			name = Main.storyboard;
			sourceTree = "<group>";
		};
		EFCB247B1F49AC6A00AAEA14 /* LaunchScreen.storyboard */ = {
			isa = PBXVariantGroup;
			children = (
				EFCB247C1F49AC6A00AAEA14 /* Base */,
			);
			name = LaunchScreen.storyboard;
			sourceTree = "<group>";
		};
/* End PBXVariantGroup section */

/* Begin XCBuildConfiguration section */
		EFCB247F1F49AC6A00AAEA14 /* Debug */ = {
			isa = XCBuildConfiguration;
			buildSettings = {
				ALWAYS_SEARCH_USER_PATHS = NO;
				CLANG_ANALYZER_NONNULL = YES;
				CLANG_ANALYZER_NUMBER_OBJECT_CONVERSION = YES_AGGRESSIVE;
				CLANG_CXX_LANGUAGE_STANDARD = "gnu++0x";
				CLANG_CXX_LIBRARY = "libc++";
				CLANG_ENABLE_MODULES = YES;
				CLANG_ENABLE_OBJC_ARC = YES;
				CLANG_WARN_BOOL_CONVERSION = YES;
				CLANG_WARN_CONSTANT_CONVERSION = YES;
				CLANG_WARN_DIRECT_OBJC_ISA_USAGE = YES_ERROR;
				CLANG_WARN_DOCUMENTATION_COMMENTS = YES;
				CLANG_WARN_EMPTY_BODY = YES;
				CLANG_WARN_ENUM_CONVERSION = YES;
				CLANG_WARN_INFINITE_RECURSION = YES;
				CLANG_WARN_INT_CONVERSION = YES;
				CLANG_WARN_OBJC_ROOT_CLASS = YES_ERROR;
				CLANG_WARN_SUSPICIOUS_MOVE = YES;
				CLANG_WARN_UNREACHABLE_CODE = YES;
				CLANG_WARN__DUPLICATE_METHOD_MATCH = YES;
				"CODE_SIGN_IDENTITY[sdk=iphoneos*]" = "iPhone Developer";
				COPY_PHASE_STRIP = NO;
				DEBUG_INFORMATION_FORMAT = dwarf;
				ENABLE_STRICT_OBJC_MSGSEND = YES;
				ENABLE_TESTABILITY = YES;
				GCC_C_LANGUAGE_STANDARD = gnu99;
				GCC_DYNAMIC_NO_PIC = NO;
				GCC_NO_COMMON_BLOCKS = YES;
				GCC_OPTIMIZATION_LEVEL = 0;
				GCC_PREPROCESSOR_DEFINITIONS = (
					"DEBUG=1",
					"$(inherited)",
				);
				GCC_WARN_64_TO_32_BIT_CONVERSION = YES;
				GCC_WARN_ABOUT_RETURN_TYPE = YES_ERROR;
				GCC_WARN_UNDECLARED_SELECTOR = YES;
				GCC_WARN_UNINITIALIZED_AUTOS = YES_AGGRESSIVE;
				GCC_WARN_UNUSED_FUNCTION = YES;
				GCC_WARN_UNUSED_VARIABLE = YES;
				IPHONEOS_DEPLOYMENT_TARGET = 10.3;
				MTL_ENABLE_DEBUG_INFO = YES;
				ONLY_ACTIVE_ARCH = YES;
				SDKROOT = iphoneos;
				SWIFT_ACTIVE_COMPILATION_CONDITIONS = DEBUG;
				SWIFT_OPTIMIZATION_LEVEL = "-Onone";
			};
			name = Debug;
		};
		EFCB24801F49AC6A00AAEA14 /* Release */ = {
			isa = XCBuildConfiguration;
			buildSettings = {
				ALWAYS_SEARCH_USER_PATHS = NO;
				CLANG_ANALYZER_NONNULL = YES;
				CLANG_ANALYZER_NUMBER_OBJECT_CONVERSION = YES_AGGRESSIVE;
				CLANG_CXX_LANGUAGE_STANDARD = "gnu++0x";
				CLANG_CXX_LIBRARY = "libc++";
				CLANG_ENABLE_MODULES = YES;
				CLANG_ENABLE_OBJC_ARC = YES;
				CLANG_WARN_BOOL_CONVERSION = YES;
				CLANG_WARN_CONSTANT_CONVERSION = YES;
				CLANG_WARN_DIRECT_OBJC_ISA_USAGE = YES_ERROR;
				CLANG_WARN_DOCUMENTATION_COMMENTS = YES;
				CLANG_WARN_EMPTY_BODY = YES;
				CLANG_WARN_ENUM_CONVERSION = YES;
				CLANG_WARN_INFINITE_RECURSION = YES;
				CLANG_WARN_INT_CONVERSION = YES;
				CLANG_WARN_OBJC_ROOT_CLASS = YES_ERROR;
				CLANG_WARN_SUSPICIOUS_MOVE = YES;
				CLANG_WARN_UNREACHABLE_CODE = YES;
				CLANG_WARN__DUPLICATE_METHOD_MATCH = YES;
				"CODE_SIGN_IDENTITY[sdk=iphoneos*]" = "iPhone Developer";
				COPY_PHASE_STRIP = NO;
				DEBUG_INFORMATION_FORMAT = "dwarf-with-dsym";
				ENABLE_NS_ASSERTIONS = NO;
				ENABLE_STRICT_OBJC_MSGSEND = YES;
				GCC_C_LANGUAGE_STANDARD = gnu99;
				GCC_NO_COMMON_BLOCKS = YES;
				GCC_WARN_64_TO_32_BIT_CONVERSION = YES;
				GCC_WARN_ABOUT_RETURN_TYPE = YES_ERROR;
				GCC_WARN_UNDECLARED_SELECTOR = YES;
				GCC_WARN_UNINITIALIZED_AUTOS = YES_AGGRESSIVE;
				GCC_WARN_UNUSED_FUNCTION = YES;
				GCC_WARN_UNUSED_VARIABLE = YES;
				IPHONEOS_DEPLOYMENT_TARGET = 10.3;
				MTL_ENABLE_DEBUG_INFO = NO;
				ONLY_ACTIVE_ARCH = NO;
				SDKROOT = iphoneos;
				SWIFT_OPTIMIZATION_LEVEL = "-Owholemodule";
				VALIDATE_PRODUCT = YES;
			};
			name = Release;
		};
		EFCB24821F49AC6A00AAEA14 /* Debug */ = {
			isa = XCBuildConfiguration;
			baseConfigurationReference = C9737376ACF5EA2BB271ABCD /* Pods-bumps-detector.debug.xcconfig */;
			buildSettings = {
				ASSETCATALOG_COMPILER_APPICON_NAME = AppIcon;
				DEVELOPMENT_TEAM = D6923NELKJ;
				FRAMEWORK_SEARCH_PATHS = (
					"$(inherited)",
					"$(PROJECT_DIR)",
				);
				INFOPLIST_FILE = "bumps-detector/Info.plist";
				IPHONEOS_DEPLOYMENT_TARGET = 10.0;
				LD_RUNPATH_SEARCH_PATHS = "$(inherited) @executable_path/Frameworks";
				PRODUCT_BUNDLE_IDENTIFIER = "com.example.bumps-detector";
				PRODUCT_NAME = "$(TARGET_NAME)";
				SWIFT_VERSION = 4.0;
			};
			name = Debug;
		};
		EFCB24831F49AC6A00AAEA14 /* Release */ = {
			isa = XCBuildConfiguration;
			baseConfigurationReference = D3D1DC416878B27BB765C924 /* Pods-bumps-detector.release.xcconfig */;
			buildSettings = {
				ASSETCATALOG_COMPILER_APPICON_NAME = AppIcon;
				DEVELOPMENT_TEAM = D6923NELKJ;
				FRAMEWORK_SEARCH_PATHS = (
					"$(inherited)",
					"$(PROJECT_DIR)",
				);
				INFOPLIST_FILE = "bumps-detector/Info.plist";
				IPHONEOS_DEPLOYMENT_TARGET = 10.0;
				LD_RUNPATH_SEARCH_PATHS = "$(inherited) @executable_path/Frameworks";
				PRODUCT_BUNDLE_IDENTIFIER = "com.example.bumps-detector";
				PRODUCT_NAME = "$(TARGET_NAME)";
				SWIFT_VERSION = 4.0;
			};
			name = Release;
		};
/* End XCBuildConfiguration section */

/* Begin XCConfigurationList section */
		EFCB246A1F49AC6A00AAEA14 /* Build configuration list for PBXProject "bumps-detector" */ = {
			isa = XCConfigurationList;
			buildConfigurations = (
				EFCB247F1F49AC6A00AAEA14 /* Debug */,
				EFCB24801F49AC6A00AAEA14 /* Release */,
			);
			defaultConfigurationIsVisible = 0;
			defaultConfigurationName = Release;
		};
		EFCB24811F49AC6A00AAEA14 /* Build configuration list for PBXNativeTarget "bumps-detector" */ = {
			isa = XCConfigurationList;
			buildConfigurations = (
				EFCB24821F49AC6A00AAEA14 /* Debug */,
				EFCB24831F49AC6A00AAEA14 /* Release */,
			);
			defaultConfigurationIsVisible = 0;
			defaultConfigurationName = Release;
		};
/* End XCConfigurationList section */

/* Begin XCVersionGroup section */
		EF7AA0A11FD9FBBC00D93434 /* bumps-detector.xcdatamodeld */ = {
			isa = XCVersionGroup;
			children = (
				EF7AA0A21FD9FBBC00D93434 /* bumps-detector.xcdatamodel */,
			);
			currentVersion = EF7AA0A21FD9FBBC00D93434 /* bumps-detector.xcdatamodel */;
			path = "bumps-detector.xcdatamodeld";
			sourceTree = "<group>";
			versionGroupType = wrapper.xcdatamodel;
		};
/* End XCVersionGroup section */
	};
	rootObject = EFCB24671F49AC6A00AAEA14 /* Project object */;
}
