// !$*UTF8*$!
{
	archiveVersion = 1;
	classes = {
	};
	objectVersion = 46;
	objects = {

/* Begin PBXBuildFile section */
		EFCB24731F49AC6A00AAEA14 /* AppDelegate.swift in Sources */ = {isa = PBXBuildFile; fileRef = EFCB24721F49AC6A00AAEA14 /* AppDelegate.swift */; };
		EFCB24751F49AC6A00AAEA14 /* ViewController.swift in Sources */ = {isa = PBXBuildFile; fileRef = EFCB24741F49AC6A00AAEA14 /* ViewController.swift */; };
		EFCB24781F49AC6A00AAEA14 /* Main.storyboard in Resources */ = {isa = PBXBuildFile; fileRef = EFCB24761F49AC6A00AAEA14 /* Main.storyboard */; };
		EFCB247A1F49AC6A00AAEA14 /* Assets.xcassets in Resources */ = {isa = PBXBuildFile; fileRef = EFCB24791F49AC6A00AAEA14 /* Assets.xcassets */; };
		EFCB247D1F49AC6A00AAEA14 /* LaunchScreen.storyboard in Resources */ = {isa = PBXBuildFile; fileRef = EFCB247B1F49AC6A00AAEA14 /* LaunchScreen.storyboard */; };
		EFCB24851F49DAB500AAEA14 /* Mapbox.framework in Frameworks */ = {isa = PBXBuildFile; fileRef = EFCB24841F49DAB500AAEA14 /* Mapbox.framework */; };
		EFCB24861F49DAB500AAEA14 /* Mapbox.framework in Embed Frameworks */ = {isa = PBXBuildFile; fileRef = EFCB24841F49DAB500AAEA14 /* Mapbox.framework */; settings = {ATTRIBUTES = (CodeSignOnCopy, RemoveHeadersOnCopy, ); }; };
/* End PBXBuildFile section */

/* Begin PBXCopyFilesBuildPhase section */
		EFCB24871F49DAB500AAEA14 /* Embed Frameworks */ = {
			isa = PBXCopyFilesBuildPhase;
			buildActionMask = 2147483647;
			dstPath = "";
			dstSubfolderSpec = 10;
			files = (
				EFCB24861F49DAB500AAEA14 /* Mapbox.framework in Embed Frameworks */,
			);
			name = "Embed Frameworks";
			runOnlyForDeploymentPostprocessing = 0;
		};
/* End PBXCopyFilesBuildPhase section */

/* Begin PBXFileReference section */
		EFCB246F1F49AC6A00AAEA14 /* bumps-detector.app */ = {isa = PBXFileReference; explicitFileType = wrapper.application; includeInIndex = 0; path = "bumps-detector.app"; sourceTree = BUILT_PRODUCTS_DIR; };
		EFCB24721F49AC6A00AAEA14 /* AppDelegate.swift */ = {isa = PBXFileReference; lastKnownFileType = sourcecode.swift; path = AppDelegate.swift; sourceTree = "<group>"; };
		EFCB24741F49AC6A00AAEA14 /* ViewController.swift */ = {isa = PBXFileReference; lastKnownFileType = sourcecode.swift; path = ViewController.swift; sourceTree = "<group>"; };
		EFCB24771F49AC6A00AAEA14 /* Base */ = {isa = PBXFileReference; lastKnownFileType = file.storyboard; name = Base; path = Base.lproj/Main.storyboard; sourceTree = "<group>"; };
		EFCB24791F49AC6A00AAEA14 /* Assets.xcassets */ = {isa = PBXFileReference; lastKnownFileType = folder.assetcatalog; path = Assets.xcassets; sourceTree = "<group>"; };
		EFCB247C1F49AC6A00AAEA14 /* Base */ = {isa = PBXFileReference; lastKnownFileType = file.storyboard; name = Base; path = Base.lproj/LaunchScreen.storyboard; sourceTree = "<group>"; };
		EFCB247E1F49AC6A00AAEA14 /* Info.plist */ = {isa = PBXFileReference; lastKnownFileType = text.plist.xml; path = Info.plist; sourceTree = "<group>"; };
		EFCB24841F49DAB500AAEA14 /* Mapbox.framework */ = {isa = PBXFileReference; lastKnownFileType = wrapper.framework; path = Mapbox.framework; sourceTree = "<group>"; };
/* End PBXFileReference section */

/* Begin PBXFrameworksBuildPhase section */
		EFCB246C1F49AC6A00AAEA14 /* Frameworks */ = {
			isa = PBXFrameworksBuildPhase;
			buildActionMask = 2147483647;
			files = (
				EFCB24851F49DAB500AAEA14 /* Mapbox.framework in Frameworks */,
			);
			runOnlyForDeploymentPostprocessing = 0;
		};
/* End PBXFrameworksBuildPhase section */

/* Begin PBXGroup section */
		EFCB24661F49AC6A00AAEA14 = {
			isa = PBXGroup;
			children = (
				EFCB24841F49DAB500AAEA14 /* Mapbox.framework */,
				EFCB24711F49AC6A00AAEA14 /* bumps-detector */,
				EFCB24701F49AC6A00AAEA14 /* Products */,
			);
			sourceTree = "<group>";
		};
		EFCB24701F49AC6A00AAEA14 /* Products */ = {
			isa = PBXGroup;
			children = (
				EFCB246F1F49AC6A00AAEA14 /* bumps-detector.app */,
			);
			name = Products;
			sourceTree = "<group>";
		};
		EFCB24711F49AC6A00AAEA14 /* bumps-detector */ = {
			isa = PBXGroup;
			children = (
				EFCB24721F49AC6A00AAEA14 /* AppDelegate.swift */,
				EFCB24741F49AC6A00AAEA14 /* ViewController.swift */,
				EFCB24761F49AC6A00AAEA14 /* Main.storyboard */,
				EFCB24791F49AC6A00AAEA14 /* Assets.xcassets */,
				EFCB247B1F49AC6A00AAEA14 /* LaunchScreen.storyboard */,
				EFCB247E1F49AC6A00AAEA14 /* Info.plist */,
			);
			path = "bumps-detector";
			sourceTree = "<group>";
		};
/* End PBXGroup section */

/* Begin PBXNativeTarget section */
		EFCB246E1F49AC6A00AAEA14 /* bumps-detector */ = {
			isa = PBXNativeTarget;
			buildConfigurationList = EFCB24811F49AC6A00AAEA14 /* Build configuration list for PBXNativeTarget "bumps-detector" */;
			buildPhases = (
				EFCB246B1F49AC6A00AAEA14 /* Sources */,
				EFCB246C1F49AC6A00AAEA14 /* Frameworks */,
				EFCB246D1F49AC6A00AAEA14 /* Resources */,
				EFCB24871F49DAB500AAEA14 /* Embed Frameworks */,
			);
			buildRules = (
			);
			dependencies = (
			);
			name = "bumps-detector";
			productName = "bumps-detector";
			productReference = EFCB246F1F49AC6A00AAEA14 /* bumps-detector.app */;
			productType = "com.apple.product-type.application";
		};
/* End PBXNativeTarget section */

/* Begin PBXProject section */
		EFCB24671F49AC6A00AAEA14 /* Project object */ = {
			isa = PBXProject;
			attributes = {
				LastSwiftUpdateCheck = 0830;
				LastUpgradeCheck = 0830;
				ORGANIZATIONNAME = "Peter Jurkacek";
				TargetAttributes = {
					EFCB246E1F49AC6A00AAEA14 = {
						CreatedOnToolsVersion = 8.3.3;
						ProvisioningStyle = Automatic;
					};
				};
			};
			buildConfigurationList = EFCB246A1F49AC6A00AAEA14 /* Build configuration list for PBXProject "bumps-detector" */;
			compatibilityVersion = "Xcode 3.2";
			developmentRegion = English;
			hasScannedForEncodings = 0;
			knownRegions = (
				en,
				Base,
			);
			mainGroup = EFCB24661F49AC6A00AAEA14;
			productRefGroup = EFCB24701F49AC6A00AAEA14 /* Products */;
			projectDirPath = "";
			projectRoot = "";
			targets = (
				EFCB246E1F49AC6A00AAEA14 /* bumps-detector */,
			);
		};
/* End PBXProject section */

/* Begin PBXResourcesBuildPhase section */
		EFCB246D1F49AC6A00AAEA14 /* Resources */ = {
			isa = PBXResourcesBuildPhase;
			buildActionMask = 2147483647;
			files = (
				EFCB247D1F49AC6A00AAEA14 /* LaunchScreen.storyboard in Resources */,
				EFCB247A1F49AC6A00AAEA14 /* Assets.xcassets in Resources */,
				EFCB24781F49AC6A00AAEA14 /* Main.storyboard in Resources */,
			);
			runOnlyForDeploymentPostprocessing = 0;
		};
/* End PBXResourcesBuildPhase section */

/* Begin PBXSourcesBuildPhase section */
		EFCB246B1F49AC6A00AAEA14 /* Sources */ = {
			isa = PBXSourcesBuildPhase;
			buildActionMask = 2147483647;
			files = (
				EFCB24751F49AC6A00AAEA14 /* ViewController.swift in Sources */,
				EFCB24731F49AC6A00AAEA14 /* AppDelegate.swift in Sources */,
			);
			runOnlyForDeploymentPostprocessing = 0;
		};
/* End PBXSourcesBuildPhase section */

/* Begin PBXVariantGroup section */
		EFCB24761F49AC6A00AAEA14 /* Main.storyboard */ = {
			isa = PBXVariantGroup;
			children = (
				EFCB24771F49AC6A00AAEA14 /* Base */,
			);
			name = Main.storyboard;
			sourceTree = "<group>";
		};
		EFCB247B1F49AC6A00AAEA14 /* LaunchScreen.storyboard */ = {
			isa = PBXVariantGroup;
			children = (
				EFCB247C1F49AC6A00AAEA14 /* Base */,
			);
			name = LaunchScreen.storyboard;
			sourceTree = "<group>";
		};
/* End PBXVariantGroup section */

/* Begin XCBuildConfiguration section */
		EFCB247F1F49AC6A00AAEA14 /* Debug */ = {
			isa = XCBuildConfiguration;
			buildSettings = {
				ALWAYS_SEARCH_USER_PATHS = NO;
				CLANG_ANALYZER_NONNULL = YES;
				CLANG_ANALYZER_NUMBER_OBJECT_CONVERSION = YES_AGGRESSIVE;
				CLANG_CXX_LANGUAGE_STANDARD = "gnu++0x";
				CLANG_CXX_LIBRARY = "libc++";
				CLANG_ENABLE_MODULES = YES;
				CLANG_ENABLE_OBJC_ARC = YES;
				CLANG_WARN_BOOL_CONVERSION = YES;
				CLANG_WARN_CONSTANT_CONVERSION = YES;
				CLANG_WARN_DIRECT_OBJC_ISA_USAGE = YES_ERROR;
				CLANG_WARN_DOCUMENTATION_COMMENTS = YES;
				CLANG_WARN_EMPTY_BODY = YES;
				CLANG_WARN_ENUM_CONVERSION = YES;
				CLANG_WARN_INFINITE_RECURSION = YES;
				CLANG_WARN_INT_CONVERSION = YES;
				CLANG_WARN_OBJC_ROOT_CLASS = YES_ERROR;
				CLANG_WARN_SUSPICIOUS_MOVE = YES;
				CLANG_WARN_UNREACHABLE_CODE = YES;
				CLANG_WARN__DUPLICATE_METHOD_MATCH = YES;
				"CODE_SIGN_IDENTITY[sdk=iphoneos*]" = "iPhone Developer";
				COPY_PHASE_STRIP = NO;
				DEBUG_INFORMATION_FORMAT = dwarf;
				ENABLE_STRICT_OBJC_MSGSEND = YES;
				ENABLE_TESTABILITY = YES;
				GCC_C_LANGUAGE_STANDARD = gnu99;
				GCC_DYNAMIC_NO_PIC = NO;
				GCC_NO_COMMON_BLOCKS = YES;
				GCC_OPTIMIZATION_LEVEL = 0;
				GCC_PREPROCESSOR_DEFINITIONS = (
					"DEBUG=1",
					"$(inherited)",
				);
				GCC_WARN_64_TO_32_BIT_CONVERSION = YES;
				GCC_WARN_ABOUT_RETURN_TYPE = YES_ERROR;
				GCC_WARN_UNDECLARED_SELECTOR = YES;
				GCC_WARN_UNINITIALIZED_AUTOS = YES_AGGRESSIVE;
				GCC_WARN_UNUSED_FUNCTION = YES;
				GCC_WARN_UNUSED_VARIABLE = YES;
				IPHONEOS_DEPLOYMENT_TARGET = 10.3;
				MTL_ENABLE_DEBUG_INFO = YES;
				ONLY_ACTIVE_ARCH = YES;
				SDKROOT = iphoneos;
				SWIFT_ACTIVE_COMPILATION_CONDITIONS = DEBUG;
				SWIFT_OPTIMIZATION_LEVEL = "-Onone";
			};
			name = Debug;
		};
		EFCB24801F49AC6A00AAEA14 /* Release */ = {
			isa = XCBuildConfiguration;
			buildSettings = {
				ALWAYS_SEARCH_USER_PATHS = NO;
				CLANG_ANALYZER_NONNULL = YES;
				CLANG_ANALYZER_NUMBER_OBJECT_CONVERSION = YES_AGGRESSIVE;
				CLANG_CXX_LANGUAGE_STANDARD = "gnu++0x";
				CLANG_CXX_LIBRARY = "libc++";
				CLANG_ENABLE_MODULES = YES;
				CLANG_ENABLE_OBJC_ARC = YES;
				CLANG_WARN_BOOL_CONVERSION = YES;
				CLANG_WARN_CONSTANT_CONVERSION = YES;
				CLANG_WARN_DIRECT_OBJC_ISA_USAGE = YES_ERROR;
				CLANG_WARN_DOCUMENTATION_COMMENTS = YES;
				CLANG_WARN_EMPTY_BODY = YES;
				CLANG_WARN_ENUM_CONVERSION = YES;
				CLANG_WARN_INFINITE_RECURSION = YES;
				CLANG_WARN_INT_CONVERSION = YES;
				CLANG_WARN_OBJC_ROOT_CLASS = YES_ERROR;
				CLANG_WARN_SUSPICIOUS_MOVE = YES;
				CLANG_WARN_UNREACHABLE_CODE = YES;
				CLANG_WARN__DUPLICATE_METHOD_MATCH = YES;
				"CODE_SIGN_IDENTITY[sdk=iphoneos*]" = "iPhone Developer";
				COPY_PHASE_STRIP = NO;
				DEBUG_INFORMATION_FORMAT = "dwarf-with-dsym";
				ENABLE_NS_ASSERTIONS = NO;
				ENABLE_STRICT_OBJC_MSGSEND = YES;
				GCC_C_LANGUAGE_STANDARD = gnu99;
				GCC_NO_COMMON_BLOCKS = YES;
				GCC_WARN_64_TO_32_BIT_CONVERSION = YES;
				GCC_WARN_ABOUT_RETURN_TYPE = YES_ERROR;
				GCC_WARN_UNDECLARED_SELECTOR = YES;
				GCC_WARN_UNINITIALIZED_AUTOS = YES_AGGRESSIVE;
				GCC_WARN_UNUSED_FUNCTION = YES;
				GCC_WARN_UNUSED_VARIABLE = YES;
				IPHONEOS_DEPLOYMENT_TARGET = 10.3;
				MTL_ENABLE_DEBUG_INFO = NO;
				SDKROOT = iphoneos;
				SWIFT_OPTIMIZATION_LEVEL = "-Owholemodule";
				VALIDATE_PRODUCT = YES;
			};
			name = Release;
		};
		EFCB24821F49AC6A00AAEA14 /* Debug */ = {
			isa = XCBuildConfiguration;
			buildSettings = {
				ASSETCATALOG_COMPILER_APPICON_NAME = AppIcon;
				FRAMEWORK_SEARCH_PATHS = (
					"$(inherited)",
					"$(PROJECT_DIR)",
				);
				INFOPLIST_FILE = "bumps-detector/Info.plist";
				LD_RUNPATH_SEARCH_PATHS = "$(inherited) @executable_path/Frameworks";
				PRODUCT_BUNDLE_IDENTIFIER = "com.example.bumps-detector";
				PRODUCT_NAME = "$(TARGET_NAME)";
				SWIFT_VERSION = 3.0;
			};
			name = Debug;
		};
		EFCB24831F49AC6A00AAEA14 /* Release */ = {
			isa = XCBuildConfiguration;
			buildSettings = {
				ASSETCATALOG_COMPILER_APPICON_NAME = AppIcon;
				FRAMEWORK_SEARCH_PATHS = (
					"$(inherited)",
					"$(PROJECT_DIR)",
				);
				INFOPLIST_FILE = "bumps-detector/Info.plist";
				LD_RUNPATH_SEARCH_PATHS = "$(inherited) @executable_path/Frameworks";
				PRODUCT_BUNDLE_IDENTIFIER = "com.example.bumps-detector";
				PRODUCT_NAME = "$(TARGET_NAME)";
				SWIFT_VERSION = 3.0;
			};
			name = Release;
		};
/* End XCBuildConfiguration section */

/* Begin XCConfigurationList section */
		EFCB246A1F49AC6A00AAEA14 /* Build configuration list for PBXProject "bumps-detector" */ = {
			isa = XCConfigurationList;
			buildConfigurations = (
				EFCB247F1F49AC6A00AAEA14 /* Debug */,
				EFCB24801F49AC6A00AAEA14 /* Release */,
			);
			defaultConfigurationIsVisible = 0;
			defaultConfigurationName = Release;
		};
		EFCB24811F49AC6A00AAEA14 /* Build configuration list for PBXNativeTarget "bumps-detector" */ = {
			isa = XCConfigurationList;
			buildConfigurations = (
				EFCB24821F49AC6A00AAEA14 /* Debug */,
				EFCB24831F49AC6A00AAEA14 /* Release */,
			);
			defaultConfigurationIsVisible = 0;
		};
/* End XCConfigurationList section */
	};
	rootObject = EFCB24671F49AC6A00AAEA14 /* Project object */;
}
